
Microsoft Visual Studio Solution File, Format Version 12.00
# Visual Studio Version 16
VisualStudioVersion = 16.0.29201.188
MinimumVisualStudioVersion = 10.0.40219.1
Project("{9092AA53-FB77-4645-B42D-1CCCA6BD08BD}") = "HelloWorld", "HelloWorld\HelloWorld.njsproj", "{CFDDAD59-C4E0-41E9-8DE4-C0DDC19DE00F}"
EndProject
Global
	GlobalSection(SolutionConfigurationPlatforms) = preSolution
		Debug|Any CPU = Debug|Any CPU
		Release|Any CPU = Release|Any CPU
	EndGlobalSection
	GlobalSection(ProjectConfigurationPlatforms) = postSolution
		{CFDDAD59-C4E0-41E9-8DE4-C0DDC19DE00F}.Debug|Any CPU.ActiveCfg = Debug|Any CPU
		{CFDDAD59-C4E0-41E9-8DE4-C0DDC19DE00F}.Debug|Any CPU.Build.0 = Debug|Any CPU
		{CFDDAD59-C4E0-41E9-8DE4-C0DDC19DE00F}.Release|Any CPU.ActiveCfg = Release|Any CPU
		{CFDDAD59-C4E0-41E9-8DE4-C0DDC19DE00F}.Release|Any CPU.Build.0 = Release|Any CPU
	EndGlobalSection
	GlobalSection(SolutionProperties) = preSolution
		HideSolutionNode = FALSE
	EndGlobalSection
	GlobalSection(ExtensibilityGlobals) = postSolution
		SolutionGuid = {4E95CD5A-DBF0-49D1-BE79-87C08573884C}
	EndGlobalSection
EndGlobal
